
Microsoft Visual Studio Solution File, Format Version 12.00
# Visual Studio Version 17
VisualStudioVersion = 17.0.32126.317
MinimumVisualStudioVersion = 10.0.40219.1
Project("{FAE04EC0-301F-11D3-BF4B-00C04F79EFBC}") = "GameStore.Domain", "GameStore.Domain\GameStore.Domain.csproj", "{069EE2F3-0DF3-4124-8305-08337F9C5A8B}"
EndProject
Project("{FAE04EC0-301F-11D3-BF4B-00C04F79EFBC}") = "GameStore.WebUI", "GameStore.WebUI\GameStore.WebUI.csproj", "{BB7E55B1-755D-4F3B-9D8C-E9D5C52649F5}"
EndProject
Project("{FAE04EC0-301F-11D3-BF4B-00C04F79EFBC}") = "GameStore.UnitTests", "GameStore.UnitTests\GameStore.UnitTests.csproj", "{D7A84264-9C3E-400B-BE25-A2F96D967058}"
EndProject
Global
	GlobalSection(SolutionConfigurationPlatforms) = preSolution
		Debug|Any CPU = Debug|Any CPU
		Release|Any CPU = Release|Any CPU
	EndGlobalSection
	GlobalSection(ProjectConfigurationPlatforms) = postSolution
		{069EE2F3-0DF3-4124-8305-08337F9C5A8B}.Debug|Any CPU.ActiveCfg = Debug|Any CPU
		{069EE2F3-0DF3-4124-8305-08337F9C5A8B}.Debug|Any CPU.Build.0 = Debug|Any CPU
		{069EE2F3-0DF3-4124-8305-08337F9C5A8B}.Release|Any CPU.ActiveCfg = Release|Any CPU
		{069EE2F3-0DF3-4124-8305-08337F9C5A8B}.Release|Any CPU.Build.0 = Release|Any CPU
		{BB7E55B1-755D-4F3B-9D8C-E9D5C52649F5}.Debug|Any CPU.ActiveCfg = Debug|Any CPU
		{BB7E55B1-755D-4F3B-9D8C-E9D5C52649F5}.Debug|Any CPU.Build.0 = Debug|Any CPU
		{BB7E55B1-755D-4F3B-9D8C-E9D5C52649F5}.Release|Any CPU.ActiveCfg = Release|Any CPU
		{BB7E55B1-755D-4F3B-9D8C-E9D5C52649F5}.Release|Any CPU.Build.0 = Release|Any CPU
		{D7A84264-9C3E-400B-BE25-A2F96D967058}.Debug|Any CPU.ActiveCfg = Debug|Any CPU
		{D7A84264-9C3E-400B-BE25-A2F96D967058}.Debug|Any CPU.Build.0 = Debug|Any CPU
		{D7A84264-9C3E-400B-BE25-A2F96D967058}.Release|Any CPU.ActiveCfg = Release|Any CPU
		{D7A84264-9C3E-400B-BE25-A2F96D967058}.Release|Any CPU.Build.0 = Release|Any CPU
	EndGlobalSection
	GlobalSection(SolutionProperties) = preSolution
		HideSolutionNode = FALSE
	EndGlobalSection
	GlobalSection(ExtensibilityGlobals) = postSolution
		SolutionGuid = {9D0BAF59-A28D-4B0D-BD35-D59B75B54302}
	EndGlobalSection
EndGlobal
